{
  "name": "example",
  "version": "1.0.0",
  "lockfileVersion": 2,
  "requires": true,
  "packages": {
    "": {
      "version": "1.0.0",
      "license": "MIT",
      "devDependencies": {
        "text-composer": "https://github.com/andrew-chang-dewitt/text-composer/releases/download/0.2.0/text-composer-0.2.0.tgz"
      }
    },
    "node_modules/text-composer": {
      "version": "0.2.0",
      "resolved": "https://github.com/andrew-chang-dewitt/text-composer/releases/download/0.2.0/text-composer-0.2.0.tgz",
      "integrity": "sha512-OCNbx1dUxND2+uNIIi3RqL45k8hiQMwmIN8nlOvdYljpph2/bO4BvgmDHRRgIStwXWIvIt1tX4fQ7KxHJUlqfA==",
      "dev": true,
      "license": "MIT"
    }
  },
  "dependencies": {
    "text-composer": {
      "version": "https://github.com/andrew-chang-dewitt/text-composer/releases/download/0.2.0/text-composer-0.2.0.tgz",
      "integrity": "sha512-OCNbx1dUxND2+uNIIi3RqL45k8hiQMwmIN8nlOvdYljpph2/bO4BvgmDHRRgIStwXWIvIt1tX4fQ7KxHJUlqfA==",
      "dev": true
    }
  }
}
